
Microsoft Visual Studio Solution File, Format Version 12.00
# Visual Studio 15
VisualStudioVersion = 15.0.28307.539
MinimumVisualStudioVersion = 10.0.40219.1
Project("{FAE04EC0-301F-11D3-BF4B-00C04F79EFBC}") = "HelloWorld.API", "HelloWorld.API\HelloWorld.API.csproj", "{DC3DAD31-10ED-4DA1-8DC9-224BC38DAB7F}"
EndProject
Project("{FAE04EC0-301F-11D3-BF4B-00C04F79EFBC}") = "HelloWorld.BLL", "HelloWorld.BLL\HelloWorld.BLL.csproj", "{F2EDEAA8-B87B-4E31-96D0-4BF7DA1552C7}"
EndProject
Project("{FAE04EC0-301F-11D3-BF4B-00C04F79EFBC}") = "HelloWorld.DAL", "HelloWorld.DAL\HelloWorld.DAL.csproj", "{97ECA388-7F94-4D41-B888-01AFF491E57B}"
EndProject
Global
	GlobalSection(SolutionConfigurationPlatforms) = preSolution
		Debug|Any CPU = Debug|Any CPU
		Release|Any CPU = Release|Any CPU
	EndGlobalSection
	GlobalSection(ProjectConfigurationPlatforms) = postSolution
		{DC3DAD31-10ED-4DA1-8DC9-224BC38DAB7F}.Debug|Any CPU.ActiveCfg = Debug|Any CPU
		{DC3DAD31-10ED-4DA1-8DC9-224BC38DAB7F}.Debug|Any CPU.Build.0 = Debug|Any CPU
		{DC3DAD31-10ED-4DA1-8DC9-224BC38DAB7F}.Release|Any CPU.ActiveCfg = Release|Any CPU
		{DC3DAD31-10ED-4DA1-8DC9-224BC38DAB7F}.Release|Any CPU.Build.0 = Release|Any CPU
		{F2EDEAA8-B87B-4E31-96D0-4BF7DA1552C7}.Debug|Any CPU.ActiveCfg = Debug|Any CPU
		{F2EDEAA8-B87B-4E31-96D0-4BF7DA1552C7}.Debug|Any CPU.Build.0 = Debug|Any CPU
		{F2EDEAA8-B87B-4E31-96D0-4BF7DA1552C7}.Release|Any CPU.ActiveCfg = Release|Any CPU
		{F2EDEAA8-B87B-4E31-96D0-4BF7DA1552C7}.Release|Any CPU.Build.0 = Release|Any CPU
		{97ECA388-7F94-4D41-B888-01AFF491E57B}.Debug|Any CPU.ActiveCfg = Debug|Any CPU
		{97ECA388-7F94-4D41-B888-01AFF491E57B}.Debug|Any CPU.Build.0 = Debug|Any CPU
		{97ECA388-7F94-4D41-B888-01AFF491E57B}.Release|Any CPU.ActiveCfg = Release|Any CPU
		{97ECA388-7F94-4D41-B888-01AFF491E57B}.Release|Any CPU.Build.0 = Release|Any CPU
	EndGlobalSection
	GlobalSection(SolutionProperties) = preSolution
		HideSolutionNode = FALSE
	EndGlobalSection
	GlobalSection(ExtensibilityGlobals) = postSolution
		SolutionGuid = {A9E10EA6-C1AA-4A34-98B4-FDCAACF82F6A}
	EndGlobalSection
EndGlobal
